
Microsoft Visual Studio Solution File, Format Version 12.00
# Visual Studio Version 16
VisualStudioVersion = 16.0.31727.386
MinimumVisualStudioVersion = 10.0.40219.1
Project("{FAE04EC0-301F-11D3-BF4B-00C04F79EFBC}") = "nQueensProblemWithoutStatic", "nQueensProblemWithoutStatic\nQueensProblemWithoutStatic.csproj", "{FFAF0389-E580-4D92-9D6F-64A78121A893}"
EndProject
Global
	GlobalSection(SolutionConfigurationPlatforms) = preSolution
		Debug|Any CPU = Debug|Any CPU
		Release|Any CPU = Release|Any CPU
	EndGlobalSection
	GlobalSection(ProjectConfigurationPlatforms) = postSolution
		{FFAF0389-E580-4D92-9D6F-64A78121A893}.Debug|Any CPU.ActiveCfg = Debug|Any CPU
		{FFAF0389-E580-4D92-9D6F-64A78121A893}.Debug|Any CPU.Build.0 = Debug|Any CPU
		{FFAF0389-E580-4D92-9D6F-64A78121A893}.Release|Any CPU.ActiveCfg = Release|Any CPU
		{FFAF0389-E580-4D92-9D6F-64A78121A893}.Release|Any CPU.Build.0 = Release|Any CPU
	EndGlobalSection
	GlobalSection(SolutionProperties) = preSolution
		HideSolutionNode = FALSE
	EndGlobalSection
	GlobalSection(ExtensibilityGlobals) = postSolution
		SolutionGuid = {8897E7EC-1F0F-499F-86EB-A440D63EC9C7}
	EndGlobalSection
EndGlobal
